<?xml version="1.0" encoding="utf-8"?>
<Project ToolsVersion="4.0" xmlns="http://schemas.microsoft.com/developer/msbuild/2003">
  <ItemGroup>
    <ClInclude Include="src\app\app.hpp">
      <Filter>app</Filter>
    </ClInclude>
    <ClInclude Include="src\tests\model_test\model_test.hpp">
      <Filter>tests\model_test</Filter>
    </ClInclude>
  </ItemGroup>
  <ItemGroup>
    <None Include="assets\tests\model_test\shaders\8.1.deferred_light_box.fs">
      <Filter>tests\model_test\shaders</Filter>
    </None>
    <None Include="assets\tests\model_test\shaders\8.1.deferred_light_box.vs">
      <Filter>tests\model_test\shaders</Filter>
    </None>
    <None Include="assets\tests\model_test\shaders\8.1.deferred_shading.fs">
      <Filter>tests\model_test\shaders</Filter>
    </None>
    <None Include="assets\tests\model_test\shaders\8.1.deferred_shading.vs">
      <Filter>tests\model_test\shaders</Filter>
    </None>
    <None Include="assets\tests\model_test\shaders\8.1.fbo_debug.fs">
      <Filter>tests\model_test\shaders</Filter>
    </None>
    <None Include="assets\tests\model_test\shaders\8.1.fbo_debug.vs">
      <Filter>tests\model_test\shaders</Filter>
    </None>
    <None Include="assets\tests\model_test\shaders\8.1.g_buffer.fs">
      <Filter>tests\model_test\shaders</Filter>
    </None>
    <None Include="assets\tests\model_test\shaders\8.1.g_buffer.vs">
      <Filter>tests\model_test\shaders</Filter>
    </None>
    <None Include="assets\tests\model_test\shaders\forward.fs">
      <Filter>tests\model_test\shaders</Filter>
    </None>
    <None Include="assets\tests\model_test\shaders\forward.vs">
      <Filter>tests\model_test\shaders</Filter>
    </None>
    <None Include="assets\tests\model_test\shaders\forward_test.fs">
      <Filter>tests\model_test\shaders</Filter>
    </None>
  </ItemGroup>
  <ItemGroup>
    <Filter Include="app">
      <UniqueIdentifier>{393307ea-eae3-4af8-bbcd-7c28826d9f0d}</UniqueIdentifier>
    </Filter>
    <Filter Include="engine">
      <UniqueIdentifier>{97b0b20b-1cd2-4955-b949-37845dd033df}</UniqueIdentifier>
    </Filter>
    <Filter Include="tests">
      <UniqueIdentifier>{4c2fa98e-dec2-424b-866b-0d8e4c3655b1}</UniqueIdentifier>
    </Filter>
    <Filter Include="tests\model_test">
      <UniqueIdentifier>{5c554b87-2e5d-472c-a86c-b970460e48eb}</UniqueIdentifier>
    </Filter>
    <Filter Include="tests\model_test\shaders">
      <UniqueIdentifier>{cef71ef4-9ba5-40b9-af78-c64ab9e65119}</UniqueIdentifier>
    </Filter>
    <Filter Include="graphics">
      <UniqueIdentifier>{71baa3ff-6e9a-4f24-b0b3-ee10ba6112e8}</UniqueIdentifier>
    </Filter>
    <Filter Include="math">
      <UniqueIdentifier>{6fea66a2-631d-49eb-8cc0-c6101ec69104}</UniqueIdentifier>
    </Filter>
  </ItemGroup>
  <ItemGroup>
    <ClCompile Include="main.cpp" />
    <ClCompile Include="src\tests\model_test\model_test.cpp">
      <Filter>tests\model_test</Filter>
    </ClCompile>
    <ClCompile Include="src\tests\vertex_element_types.cpp">
      <Filter>tests</Filter>
    </ClCompile>
  </ItemGroup>
</Project>