<?xml version="1.0" encoding="utf-8"?>
<Project ToolsVersion="4.0" xmlns="http://schemas.microsoft.com/developer/msbuild/2003">
  <ItemGroup>
    <Filter Include="Source Files">
      <UniqueIdentifier>{4FC737F1-C7A5-4376-A066-2A32D752A2FF}</UniqueIdentifier>
      <Extensions>cpp;c;cc;cxx;def;odl;idl;hpj;bat;asm;asmx</Extensions>
    </Filter>
    <Filter Include="Header Files">
      <UniqueIdentifier>{93995380-89BD-4b04-88EB-625FBE52EBFB}</UniqueIdentifier>
      <Extensions>h;hh;hpp;hxx;hm;inl;inc;ipp;xsd</Extensions>
    </Filter>
    <Filter Include="Resource Files">
      <UniqueIdentifier>{67DA6AB6-F800-4c08-8B7A-83BB121AAD01}</UniqueIdentifier>
      <Extensions>rc;ico;cur;bmp;dlg;rc2;rct;bin;rgs;gif;jpg;jpeg;jpe;resx;tiff;tif;png;wav;mfcribbon-ms</Extensions>
    </Filter>
    <Filter Include="Source Files\graphics">
      <UniqueIdentifier>{1023ccfa-c7a1-4ccd-8493-3ba102cca546}</UniqueIdentifier>
    </Filter>
    <Filter Include="Header Files\graphics">
      <UniqueIdentifier>{1c87e565-257e-4b6a-b5f0-025eaa9bf563}</UniqueIdentifier>
    </Filter>
    <Filter Include="Header Files\util">
      <UniqueIdentifier>{19fe0b64-2af8-470f-b421-96ed8aabb74e}</UniqueIdentifier>
    </Filter>
    <Filter Include="Source Files\util">
      <UniqueIdentifier>{20c8435f-4d7f-46f3-ad12-29fc4b7fe603}</UniqueIdentifier>
    </Filter>
    <Filter Include="Header Files\graphics\native">
      <UniqueIdentifier>{69b2d191-7537-44a6-a506-8f978fba239e}</UniqueIdentifier>
    </Filter>
    <Filter Include="Source Files\engine">
      <UniqueIdentifier>{4c1349e6-5e59-493b-9b5b-18dcec2f85a5}</UniqueIdentifier>
    </Filter>
    <Filter Include="Header Files\engine">
      <UniqueIdentifier>{f23472d2-e0e8-43d0-b743-d5ac396f0935}</UniqueIdentifier>
    </Filter>
    <Filter Include="Header Files\app">
      <UniqueIdentifier>{ef08bdd4-6af1-4087-b440-db0f671763bf}</UniqueIdentifier>
    </Filter>
    <Filter Include="Source Files\app">
      <UniqueIdentifier>{779bb8d5-c0fc-498d-8fa0-6de1dc2aa7a2}</UniqueIdentifier>
    </Filter>
    <Filter Include="Source Files\app\input">
      <UniqueIdentifier>{d9cf5bb5-36ad-4604-81b4-2668c3d672ab}</UniqueIdentifier>
    </Filter>
    <Filter Include="Header Files\app\input">
      <UniqueIdentifier>{d4ed09c5-d75a-4ff9-9a00-5c138e5e3ce6}</UniqueIdentifier>
    </Filter>
    <Filter Include="Source Files\graphics\opengl">
      <UniqueIdentifier>{2dbc7641-4f8c-4411-8021-2da6dc3dd522}</UniqueIdentifier>
    </Filter>
    <Filter Include="Source Files\Unit Tests">
      <UniqueIdentifier>{e6d9f2a6-488d-4fb0-9340-67d3be4d32ac}</UniqueIdentifier>
    </Filter>
    <Filter Include="Header Files\math">
      <UniqueIdentifier>{f71d5075-2c92-44e9-8946-32dca8b681b7}</UniqueIdentifier>
    </Filter>
  </ItemGroup>
  <ItemGroup>
    <ClCompile Include="main.cpp">
      <Filter>Source Files</Filter>
    </ClCompile>
    <ClCompile Include="src\util\lib.cpp">
      <Filter>Source Files\util</Filter>
    </ClCompile>
    <ClCompile Include="src\graphics\canvas.cpp">
      <Filter>Source Files\graphics</Filter>
    </ClCompile>
    <ClCompile Include="src\graphics\model.cpp">
      <Filter>Source Files\graphics</Filter>
    </ClCompile>
    <ClCompile Include="src\app\window.cpp">
      <Filter>Source Files\app</Filter>
    </ClCompile>
    <ClCompile Include="src\app\application.cpp">
      <Filter>Source Files\app</Filter>
    </ClCompile>
    <ClCompile Include="src\app\event_handler.cpp">
      <Filter>Source Files\app</Filter>
    </ClCompile>
    <ClCompile Include="src\app\input\input.cpp">
      <Filter>Source Files\app\input</Filter>
    </ClCompile>
    <ClCompile Include="src\app\input\keyboard.cpp">
      <Filter>Source Files\app\input</Filter>
    </ClCompile>
    <ClCompile Include="src\app\input\mouse.cpp">
      <Filter>Source Files\app\input</Filter>
    </ClCompile>
    <ClCompile Include="src\graphics\shader.cpp">
      <Filter>Source Files\graphics</Filter>
    </ClCompile>
    <ClCompile Include="src\util\io.cpp">
      <Filter>Source Files\util</Filter>
    </ClCompile>
    <ClCompile Include="src\graphics\opengl\context.cpp">
      <Filter>Source Files\graphics\opengl</Filter>
    </ClCompile>
    <ClCompile Include="src\engine\engine.cpp">
      <Filter>Source Files\engine</Filter>
    </ClCompile>
    <ClCompile Include="src\unit_test\shader_test.hpp">
      <Filter>Source Files\Unit Tests</Filter>
    </ClCompile>
  </ItemGroup>
  <ItemGroup>
    <ClInclude Include="src\graphics\graphics.hpp">
      <Filter>Header Files\graphics</Filter>
    </ClInclude>
    <ClInclude Include="src\util\util.hpp">
      <Filter>Header Files\util</Filter>
    </ClInclude>
    <ClInclude Include="src\core.hpp">
      <Filter>Header Files</Filter>
    </ClInclude>
    <ClInclude Include="src\util\lib.hpp">
      <Filter>Header Files\util</Filter>
    </ClInclude>
    <ClInclude Include="src\graphics\native\opengl.hpp">
      <Filter>Header Files\graphics\native</Filter>
    </ClInclude>
    <ClInclude Include="src\graphics\canvas.hpp">
      <Filter>Header Files\graphics</Filter>
    </ClInclude>
    <ClInclude Include="src\graphics\mesh.hpp">
      <Filter>Header Files\graphics</Filter>
    </ClInclude>
    <ClInclude Include="src\graphics\model.hpp">
      <Filter>Header Files\graphics</Filter>
    </ClInclude>
    <ClInclude Include="src\graphics\primitives.hpp">
      <Filter>Header Files\graphics</Filter>
    </ClInclude>
    <ClInclude Include="src\engine\engine.hpp">
      <Filter>Header Files\engine</Filter>
    </ClInclude>
    <ClInclude Include="src\engine\entity.hpp">
      <Filter>Header Files\engine</Filter>
    </ClInclude>
    <ClInclude Include="src\app\app.hpp">
      <Filter>Header Files\app</Filter>
    </ClInclude>
    <ClInclude Include="src\app\window.hpp">
      <Filter>Header Files\app</Filter>
    </ClInclude>
    <ClInclude Include="src\types.hpp">
      <Filter>Header Files</Filter>
    </ClInclude>
    <ClInclude Include="src\debug.hpp">
      <Filter>Header Files</Filter>
    </ClInclude>
    <ClInclude Include="src\app\application.hpp">
      <Filter>Header Files\app</Filter>
    </ClInclude>
    <ClInclude Include="src\app\event_handler.hpp">
      <Filter>Header Files\app</Filter>
    </ClInclude>
    <ClInclude Include="src\app\input.hpp">
      <Filter>Header Files\app</Filter>
    </ClInclude>
    <ClInclude Include="src\app\input\input.hpp">
      <Filter>Header Files\app\input</Filter>
    </ClInclude>
    <ClInclude Include="src\app\input\mouse.hpp">
      <Filter>Header Files\app\input</Filter>
    </ClInclude>
    <ClInclude Include="src\app\input\keyboard.hpp">
      <Filter>Header Files\app\input</Filter>
    </ClInclude>
    <ClInclude Include="src\app\input\types.hpp">
      <Filter>Header Files\app\input</Filter>
    </ClInclude>
    <ClInclude Include="src\app\input\devices.hpp">
      <Filter>Header Files\app\input</Filter>
    </ClInclude>
    <ClInclude Include="src\app\input\input_handler.hpp">
      <Filter>Header Files\app\input</Filter>
    </ClInclude>
    <ClInclude Include="src\util\memory.hpp">
      <Filter>Header Files\util</Filter>
    </ClInclude>
    <ClInclude Include="src\graphics\shader.hpp">
      <Filter>Header Files\graphics</Filter>
    </ClInclude>
    <ClInclude Include="src\util\io.hpp">
      <Filter>Header Files\util</Filter>
    </ClInclude>
    <ClInclude Include="src\graphics\context.hpp">
      <Filter>Header Files\graphics</Filter>
    </ClInclude>
    <ClInclude Include="src\app\graphics_application.hpp">
      <Filter>Header Files\app</Filter>
    </ClInclude>
    <ClInclude Include="src\util\shorthand.hpp">
      <Filter>Header Files\util</Filter>
    </ClInclude>
    <ClInclude Include="src\math\math.hpp">
      <Filter>Header Files\math</Filter>
    </ClInclude>
    <ClInclude Include="src\graphics\bind.hpp">
      <Filter>Header Files\graphics</Filter>
    </ClInclude>
    <ClInclude Include="src\graphics\context_state.hpp">
      <Filter>Header Files\graphics</Filter>
    </ClInclude>
    <ClInclude Include="src\graphics\vertex.hpp">
      <Filter>Header Files</Filter>
    </ClInclude>
  </ItemGroup>
</Project>