<?xml version="1.0" encoding="utf-8"?>
<Project ToolsVersion="4.0" xmlns="http://schemas.microsoft.com/developer/msbuild/2003">
  <ItemGroup>
    <Filter Include="Source Files">
      <UniqueIdentifier>{4FC737F1-C7A5-4376-A066-2A32D752A2FF}</UniqueIdentifier>
      <Extensions>cpp;c;cc;cxx;def;odl;idl;hpj;bat;asm;asmx</Extensions>
    </Filter>
    <Filter Include="Header Files">
      <UniqueIdentifier>{93995380-89BD-4b04-88EB-625FBE52EBFB}</UniqueIdentifier>
      <Extensions>h;hh;hpp;hxx;hm;inl;inc;ipp;xsd</Extensions>
    </Filter>
    <Filter Include="Resource Files">
      <UniqueIdentifier>{67DA6AB6-F800-4c08-8B7A-83BB121AAD01}</UniqueIdentifier>
      <Extensions>rc;ico;cur;bmp;dlg;rc2;rct;bin;rgs;gif;jpg;jpeg;jpe;resx;tiff;tif;png;wav;mfcribbon-ms</Extensions>
    </Filter>
    <Filter Include="Source Files\graphics">
      <UniqueIdentifier>{1023ccfa-c7a1-4ccd-8493-3ba102cca546}</UniqueIdentifier>
    </Filter>
    <Filter Include="Source Files\util">
      <UniqueIdentifier>{20c8435f-4d7f-46f3-ad12-29fc4b7fe603}</UniqueIdentifier>
    </Filter>
    <Filter Include="Source Files\engine">
      <UniqueIdentifier>{4c1349e6-5e59-493b-9b5b-18dcec2f85a5}</UniqueIdentifier>
    </Filter>
    <Filter Include="Source Files\app">
      <UniqueIdentifier>{779bb8d5-c0fc-498d-8fa0-6de1dc2aa7a2}</UniqueIdentifier>
    </Filter>
    <Filter Include="Source Files\app\input">
      <UniqueIdentifier>{d9cf5bb5-36ad-4604-81b4-2668c3d672ab}</UniqueIdentifier>
    </Filter>
    <Filter Include="Source Files\graphics\drivers">
      <UniqueIdentifier>{00e09fee-ca5e-44b5-9595-9102065016ea}</UniqueIdentifier>
    </Filter>
    <Filter Include="Source Files\graphics\drivers\opengl">
      <UniqueIdentifier>{01bfce19-23b8-4878-bff3-15a4ed066abf}</UniqueIdentifier>
    </Filter>
    <Filter Include="Source Files\Libraries">
      <UniqueIdentifier>{87c3b140-763b-4db2-94b9-7898070ba150}</UniqueIdentifier>
    </Filter>
    <Filter Include="Assets">
      <UniqueIdentifier>{534b67dd-5a3f-4603-bbfd-e74b77be1ed1}</UniqueIdentifier>
    </Filter>
    <Filter Include="Assets\unit_tests">
      <UniqueIdentifier>{f3b4f9b8-edef-44d3-b2cb-6fa768c824f3}</UniqueIdentifier>
    </Filter>
    <Filter Include="Source Files\math">
      <UniqueIdentifier>{c1d9bc30-4557-4ffd-b083-f93dc012385d}</UniqueIdentifier>
    </Filter>
    <Filter Include="Assets\unit_tests\unit_tests">
      <UniqueIdentifier>{64f54ddb-059b-49e4-919d-b10987a721e4}</UniqueIdentifier>
    </Filter>
    <Filter Include="Assets\unit_tests\unit_tests\shader_test">
      <UniqueIdentifier>{ceb90ae2-dfa6-4979-bdb7-29bfd9486994}</UniqueIdentifier>
    </Filter>
    <Filter Include="Assets\unit_tests\unit_tests\model_test">
      <UniqueIdentifier>{575fd2cf-1474-4e4a-bd30-0cdc5dd03202}</UniqueIdentifier>
    </Filter>
    <Filter Include="Assets\unit_tests\unit_tests\deferred_test">
      <UniqueIdentifier>{bbf9c376-a972-4dcf-aeef-dc9860728c42}</UniqueIdentifier>
    </Filter>
    <Filter Include="Source Files\graphics\native">
      <UniqueIdentifier>{69b2d191-7537-44a6-a506-8f978fba239e}</UniqueIdentifier>
    </Filter>
    <Filter Include="Source Files\app\input\mouse">
      <UniqueIdentifier>{b17931fd-1192-4944-93fe-9fc8d5489644}</UniqueIdentifier>
    </Filter>
    <Filter Include="Source Files\app\input\keyboard">
      <UniqueIdentifier>{3e125903-c046-47bb-baf8-667c16f4b08b}</UniqueIdentifier>
    </Filter>
    <Filter Include="Source Files\app\input\input_handler">
      <UniqueIdentifier>{563147ea-f5c1-476b-a417-6aaac9899f9b}</UniqueIdentifier>
    </Filter>
    <Filter Include="Source Files\engine\world">
      <UniqueIdentifier>{f3bb9c27-1a1a-4c04-b650-652a10c1ae62}</UniqueIdentifier>
    </Filter>
    <Filter Include="Source Files\engine\world\entity">
      <UniqueIdentifier>{0060910a-a7bf-4ef2-b51e-3e7e15ea8d7c}</UniqueIdentifier>
    </Filter>
    <Filter Include="Source Files\engine\world\camera">
      <UniqueIdentifier>{b0482730-4326-41fb-bcfa-7c4973d6c397}</UniqueIdentifier>
    </Filter>
    <Filter Include="Source Files\engine\world\debug">
      <UniqueIdentifier>{9afa5e8d-afc2-445f-88ab-28788a857afd}</UniqueIdentifier>
    </Filter>
    <Filter Include="Source Files\engine\components">
      <UniqueIdentifier>{b92a9c53-f103-4ac5-88c8-ca593afbb067}</UniqueIdentifier>
    </Filter>
    <Filter Include="Source Files\engine\components\graphics">
      <UniqueIdentifier>{b6b67feb-1599-47f1-a0ab-fbbd3a26727f}</UniqueIdentifier>
    </Filter>
    <Filter Include="Source Files\engine\messages">
      <UniqueIdentifier>{42c2424b-e68a-49e6-93e8-6a16cec8a9f3}</UniqueIdentifier>
    </Filter>
    <Filter Include="Source Files\unit_tests">
      <UniqueIdentifier>{e6d9f2a6-488d-4fb0-9340-67d3be4d32ac}</UniqueIdentifier>
    </Filter>
    <Filter Include="Source Files\unit_tests\model_test">
      <UniqueIdentifier>{73aa88d3-f458-4e43-b02a-37c9f647c94c}</UniqueIdentifier>
    </Filter>
    <Filter Include="Source Files\unit_tests\signal_test">
      <UniqueIdentifier>{3101c4fb-22fa-4185-b150-a6377df4eda0}</UniqueIdentifier>
    </Filter>
    <Filter Include="Source Files\unit_tests\timer_test">
      <UniqueIdentifier>{83cc14cb-5fd2-4130-85f7-372c374bea02}</UniqueIdentifier>
    </Filter>
    <Filter Include="Source Files\unit_tests\deferred_test">
      <UniqueIdentifier>{f50bee7a-0d5c-4149-bcd5-13d15ec7bb45}</UniqueIdentifier>
    </Filter>
    <Filter Include="Source Files\engine\world\light">
      <UniqueIdentifier>{f5bbc388-fa6d-4086-b5cb-3cab5bb1716a}</UniqueIdentifier>
    </Filter>
  </ItemGroup>
  <ItemGroup>
    <ClCompile Include="src\util\lib.cpp">
      <Filter>Source Files\util</Filter>
    </ClCompile>
    <ClCompile Include="src\graphics\canvas.cpp">
      <Filter>Source Files\graphics</Filter>
    </ClCompile>
    <ClCompile Include="src\graphics\model.cpp">
      <Filter>Source Files\graphics</Filter>
    </ClCompile>
    <ClCompile Include="src\app\window.cpp">
      <Filter>Source Files\app</Filter>
    </ClCompile>
    <ClCompile Include="src\app\application.cpp">
      <Filter>Source Files\app</Filter>
    </ClCompile>
    <ClCompile Include="src\app\event_handler.cpp">
      <Filter>Source Files\app</Filter>
    </ClCompile>
    <ClCompile Include="src\app\input\input.cpp">
      <Filter>Source Files\app\input</Filter>
    </ClCompile>
    <ClCompile Include="src\graphics\shader.cpp">
      <Filter>Source Files\graphics</Filter>
    </ClCompile>
    <ClCompile Include="src\util\io.cpp">
      <Filter>Source Files\util</Filter>
    </ClCompile>
    <ClCompile Include="src\graphics\resource.cpp">
      <Filter>Source Files\graphics</Filter>
    </ClCompile>
    <ClCompile Include="src\graphics\drivers\opengl\context.cpp">
      <Filter>Source Files\graphics\drivers\opengl</Filter>
    </ClCompile>
    <ClCompile Include="src\graphics\vertex.cpp">
      <Filter>Source Files\graphics</Filter>
    </ClCompile>
    <ClCompile Include="src\graphics\texture.cpp">
      <Filter>Source Files\graphics</Filter>
    </ClCompile>
    <ClCompile Include="src\graphics\pixelmap.cpp">
      <Filter>Source Files\graphics</Filter>
    </ClCompile>
    <ClCompile Include="dependencies\modules\stb\deprecated\stb_image.c">
      <Filter>Source Files\Libraries</Filter>
    </ClCompile>
    <ClCompile Include="src\graphics\mesh.cpp">
      <Filter>Source Files\graphics</Filter>
    </ClCompile>
    <ClCompile Include="src\graphics\context_state.cpp">
      <Filter>Source Files\graphics</Filter>
    </ClCompile>
    <ClCompile Include="src\graphics\material.cpp">
      <Filter>Source Files\graphics</Filter>
    </ClCompile>
    <ClCompile Include="src\math\math.cpp">
      <Filter>Source Files\math</Filter>
    </ClCompile>
    <ClCompile Include="main.cpp">
      <Filter>Source Files</Filter>
    </ClCompile>
    <ClCompile Include="src\graphics\framebuffer.cpp">
      <Filter>Source Files\graphics</Filter>
    </ClCompile>
    <ClCompile Include="src\graphics\renderbuffer.cpp">
      <Filter>Source Files\graphics</Filter>
    </ClCompile>
    <ClCompile Include="src\app\input\keyboard\keyboard.cpp">
      <Filter>Source Files\app\input\keyboard</Filter>
    </ClCompile>
    <ClCompile Include="src\app\input\mouse\mouse.cpp">
      <Filter>Source Files\app\input\mouse</Filter>
    </ClCompile>
    <ClCompile Include="src\app\input\input_handler\input_handler.cpp">
      <Filter>Source Files\app\input\input_handler</Filter>
    </ClCompile>
    <ClCompile Include="src\unit_test\model_test\model_test.cpp">
      <Filter>Source Files\unit_tests\model_test</Filter>
    </ClCompile>
    <ClCompile Include="src\engine\engine.cpp">
      <Filter>Source Files\engine</Filter>
    </ClCompile>
    <ClCompile Include="src\engine\world\world.cpp">
      <Filter>Source Files\engine\world</Filter>
    </ClCompile>
    <ClCompile Include="src\engine\world\camera.cpp">
      <Filter>Source Files\engine\world\camera</Filter>
    </ClCompile>
    <ClCompile Include="src\engine\world\entity.cpp">
      <Filter>Source Files\engine\world\entity</Filter>
    </ClCompile>
    <ClCompile Include="src\engine\relationship.cpp">
      <Filter>Source Files\engine</Filter>
    </ClCompile>
    <ClCompile Include="src\engine\world\debug\debug_camera.cpp">
      <Filter>Source Files\engine\world\debug</Filter>
    </ClCompile>
    <ClCompile Include="src\engine\free_look.cpp">
      <Filter>Source Files\engine</Filter>
    </ClCompile>
    <ClCompile Include="src\engine\transform.cpp">
      <Filter>Source Files\engine</Filter>
    </ClCompile>
    <ClCompile Include="src\unit_test\signal_test\signal_test.cpp">
      <Filter>Source Files\unit_tests\signal_test</Filter>
    </ClCompile>
    <ClCompile Include="src\engine\world\debug\debug_move.cpp">
      <Filter>Source Files\engine\world\debug</Filter>
    </ClCompile>
    <ClCompile Include="src\engine\world\graphics_entity.cpp">
      <Filter>Source Files\engine\world</Filter>
    </ClCompile>
    <ClCompile Include="src\unit_test\timer_test\timer_test.cpp">
      <Filter>Source Files\unit_tests\timer_test</Filter>
    </ClCompile>
    <ClCompile Include="src\app\timer.cpp">
      <Filter>Source Files\app</Filter>
    </ClCompile>
    <ClCompile Include="src\engine\components\graphics\model_component.cpp">
      <Filter>Source Files\engine\components\graphics</Filter>
    </ClCompile>
    <ClCompile Include="src\engine\world\debug\spin_component.cpp">
      <Filter>Source Files</Filter>
    </ClCompile>
    <ClCompile Include="src\engine\world\light.cpp">
      <Filter>Source Files</Filter>
    </ClCompile>
  </ItemGroup>
  <ItemGroup>
    <ClInclude Include="src\graphics\native\opengl.hpp">
      <Filter>Source Files\graphics\native</Filter>
    </ClInclude>
    <ClInclude Include="src\unit_test\vertex_element_types.cpp">
      <Filter>Source Files\unit_tests</Filter>
    </ClInclude>
    <ClInclude Include="src\app\app.hpp">
      <Filter>Source Files\app</Filter>
    </ClInclude>
    <ClInclude Include="src\app\application.hpp">
      <Filter>Source Files\app</Filter>
    </ClInclude>
    <ClInclude Include="src\app\event_handler.hpp">
      <Filter>Source Files\app</Filter>
    </ClInclude>
    <ClInclude Include="src\app\graphics_application.hpp">
      <Filter>Source Files\app</Filter>
    </ClInclude>
    <ClInclude Include="src\app\types.hpp">
      <Filter>Source Files\app</Filter>
    </ClInclude>
    <ClInclude Include="src\app\window.hpp">
      <Filter>Source Files\app</Filter>
    </ClInclude>
    <ClInclude Include="src\app\input\devices.hpp">
      <Filter>Source Files\app\input</Filter>
    </ClInclude>
    <ClInclude Include="src\app\input\input.hpp">
      <Filter>Source Files\app\input</Filter>
    </ClInclude>
    <ClInclude Include="src\app\input\types.hpp">
      <Filter>Source Files\app\input</Filter>
    </ClInclude>
    <ClInclude Include="src\graphics\vertex.hpp">
      <Filter>Source Files\graphics</Filter>
    </ClInclude>
    <ClInclude Include="src\graphics\bind.hpp">
      <Filter>Source Files\graphics</Filter>
    </ClInclude>
    <ClInclude Include="src\graphics\canvas.hpp">
      <Filter>Source Files\graphics</Filter>
    </ClInclude>
    <ClInclude Include="src\graphics\context.hpp">
      <Filter>Source Files\graphics</Filter>
    </ClInclude>
    <ClInclude Include="src\graphics\context_state.hpp">
      <Filter>Source Files\graphics</Filter>
    </ClInclude>
    <ClInclude Include="src\graphics\framebuffer.hpp">
      <Filter>Source Files\graphics</Filter>
    </ClInclude>
    <ClInclude Include="src\graphics\graphics.hpp">
      <Filter>Source Files\graphics</Filter>
    </ClInclude>
    <ClInclude Include="src\graphics\material.hpp">
      <Filter>Source Files\graphics</Filter>
    </ClInclude>
    <ClInclude Include="src\graphics\mesh.hpp">
      <Filter>Source Files\graphics</Filter>
    </ClInclude>
    <ClInclude Include="src\graphics\model.hpp">
      <Filter>Source Files\graphics</Filter>
    </ClInclude>
    <ClInclude Include="src\graphics\pixelmap.hpp">
      <Filter>Source Files\graphics</Filter>
    </ClInclude>
    <ClInclude Include="src\graphics\renderbuffer.hpp">
      <Filter>Source Files\graphics</Filter>
    </ClInclude>
    <ClInclude Include="src\graphics\resource.hpp">
      <Filter>Source Files\graphics</Filter>
    </ClInclude>
    <ClInclude Include="src\graphics\shader.hpp">
      <Filter>Source Files\graphics</Filter>
    </ClInclude>
    <ClInclude Include="src\graphics\texture.hpp">
      <Filter>Source Files\graphics</Filter>
    </ClInclude>
    <ClInclude Include="src\graphics\types.hpp">
      <Filter>Source Files\graphics</Filter>
    </ClInclude>
    <ClInclude Include="src\graphics\drivers\driver.hpp">
      <Filter>Source Files\graphics\drivers</Filter>
    </ClInclude>
    <ClInclude Include="src\graphics\drivers\drivers.hpp">
      <Filter>Source Files\graphics\drivers</Filter>
    </ClInclude>
    <ClInclude Include="src\graphics\drivers\opengl\driver.hpp">
      <Filter>Source Files\graphics\drivers\opengl</Filter>
    </ClInclude>
    <ClInclude Include="src\math\math.hpp">
      <Filter>Source Files\math</Filter>
    </ClInclude>
    <ClInclude Include="src\util\util.hpp">
      <Filter>Source Files\util</Filter>
    </ClInclude>
    <ClInclude Include="src\util\algorithm.hpp">
      <Filter>Source Files\util</Filter>
    </ClInclude>
    <ClInclude Include="src\util\bitfield.hpp">
      <Filter>Source Files\util</Filter>
    </ClInclude>
    <ClInclude Include="src\util\io.hpp">
      <Filter>Source Files\util</Filter>
    </ClInclude>
    <ClInclude Include="src\util\lib.hpp">
      <Filter>Source Files\util</Filter>
    </ClInclude>
    <ClInclude Include="src\util\memory.hpp">
      <Filter>Source Files\util</Filter>
    </ClInclude>
    <ClInclude Include="src\util\shorthand.hpp">
      <Filter>Source Files\util</Filter>
    </ClInclude>
    <ClInclude Include="src\core.hpp">
      <Filter>Source Files</Filter>
    </ClInclude>
    <ClInclude Include="src\debug.hpp">
      <Filter>Source Files</Filter>
    </ClInclude>
    <ClInclude Include="src\types.hpp">
      <Filter>Source Files</Filter>
    </ClInclude>
    <ClInclude Include="src\app\events.hpp">
      <Filter>Source Files\app</Filter>
    </ClInclude>
    <ClInclude Include="src\app\input\keyboard\keycodes.hpp">
      <Filter>Source Files\app\input\keyboard</Filter>
    </ClInclude>
    <ClInclude Include="src\app\input\keyboard\keyboard.hpp">
      <Filter>Source Files\app\input\keyboard</Filter>
    </ClInclude>
    <ClInclude Include="src\app\input\mouse\mouse.hpp">
      <Filter>Source Files\app\input\mouse</Filter>
    </ClInclude>
    <ClInclude Include="src\app\input\input_handler\input_handler.hpp">
      <Filter>Source Files\app\input\input_handler</Filter>
    </ClInclude>
    <ClInclude Include="src\unit_test\model_test\model_test.hpp">
      <Filter>Source Files\unit_tests\model_test</Filter>
    </ClInclude>
    <ClInclude Include="src\engine\engine.hpp">
      <Filter>Source Files\engine</Filter>
    </ClInclude>
    <ClInclude Include="src\engine\world\world.hpp">
      <Filter>Source Files\engine\world</Filter>
    </ClInclude>
    <ClInclude Include="src\engine\world\camera.hpp">
      <Filter>Source Files\engine\world\camera</Filter>
    </ClInclude>
    <ClInclude Include="src\engine\world\entity.hpp">
      <Filter>Source Files\engine\world\entity</Filter>
    </ClInclude>
    <ClInclude Include="src\engine\types.hpp">
      <Filter>Source Files\engine</Filter>
    </ClInclude>
    <ClInclude Include="src\engine\relationship.hpp">
      <Filter>Source Files\engine</Filter>
    </ClInclude>
    <ClInclude Include="src\engine\world\debug\debug.hpp">
      <Filter>Source Files\engine\world\debug</Filter>
    </ClInclude>
    <ClInclude Include="src\engine\world\debug\debug_camera.hpp">
      <Filter>Source Files\engine\world\debug</Filter>
    </ClInclude>
    <ClInclude Include="src\engine\transform.hpp">
      <Filter>Source Files\engine</Filter>
    </ClInclude>
    <ClInclude Include="src\engine\free_look.hpp">
      <Filter>Source Files\engine</Filter>
    </ClInclude>
    <ClInclude Include="src\engine\name.hpp">
      <Filter>Source Files\engine</Filter>
    </ClInclude>
    <ClInclude Include="src\util\bitflag.hpp">
      <Filter>Source Files\util</Filter>
    </ClInclude>
    <ClInclude Include="src\unit_test\signal_test\signal_test.hpp">
      <Filter>Source Files\unit_tests\signal_test</Filter>
    </ClInclude>
    <ClInclude Include="src\engine\world\debug\debug_move.hpp">
      <Filter>Source Files\engine\world\debug</Filter>
    </ClInclude>
    <ClInclude Include="src\app\input\input_device.hpp">
      <Filter>Source Files\app\input</Filter>
    </ClInclude>
    <ClInclude Include="src\engine\resource_manager.hpp">
      <Filter>Source Files\engine</Filter>
    </ClInclude>
    <ClInclude Include="src\engine\world\graphics_entity.hpp">
      <Filter>Source Files\engine\world</Filter>
    </ClInclude>
    <ClInclude Include="src\engine\components\graphics\model_component.hpp">
      <Filter>Source Files\engine\components\graphics</Filter>
    </ClInclude>
    <ClInclude Include="src\engine\components\graphics\graphics.hpp">
      <Filter>Source Files\engine\components\graphics</Filter>
    </ClInclude>
    <ClInclude Include="src\util\variant.hpp">
      <Filter>Source Files\util</Filter>
    </ClInclude>
    <ClInclude Include="src\app\delta_time.hpp">
      <Filter>Source Files\app</Filter>
    </ClInclude>
    <ClInclude Include="src\engine\messages\messages.hpp">
      <Filter>Source Files\engine\messages</Filter>
    </ClInclude>
    <ClInclude Include="src\engine\components\components.hpp">
      <Filter>Source Files\engine\components</Filter>
    </ClInclude>
    <ClInclude Include="src\engine\messages\input.hpp">
      <Filter>Source Files\engine\messages</Filter>
    </ClInclude>
    <ClInclude Include="src\unit_test\timer_test\timer_test.hpp">
      <Filter>Source Files\unit_tests\timer_test</Filter>
    </ClInclude>
    <ClInclude Include="src\app\timer.hpp">
      <Filter>Source Files\app</Filter>
    </ClInclude>
    <ClInclude Include="src\engine\world\debug\spin_component.hpp">
      <Filter>Source Files\engine\world\debug</Filter>
    </ClInclude>
    <ClInclude Include="src\engine\world\light.hpp">
      <Filter>Source Files\engine\world\light</Filter>
    </ClInclude>
  </ItemGroup>
  <ItemGroup>
    <None Include="assets\unit_tests\model_test\test.fs">
      <Filter>Assets\unit_tests\unit_tests\model_test</Filter>
    </None>
    <None Include="assets\unit_tests\model_test\test.vs">
      <Filter>Assets\unit_tests\unit_tests\model_test</Filter>
    </None>
  </ItemGroup>
  <ItemGroup>
    <Text Include="src\unit_test\deferred_test\deferred_test.cpp">
      <Filter>Source Files\unit_tests\deferred_test</Filter>
    </Text>
    <Text Include="src\unit_test\deferred_test\deferred_test.hpp">
      <Filter>Source Files\unit_tests\deferred_test</Filter>
    </Text>
  </ItemGroup>
</Project>